
Microsoft Visual Studio Solution File, Format Version 12.00
# Visual Studio Version 16
VisualStudioVersion = 16.0.33027.164
MinimumVisualStudioVersion = 10.0.40219.1
Project("{FAE04EC0-301F-11D3-BF4B-00C04F79EFBC}") = "1", "1\1.csproj", "{BF6A5292-6742-449E-B0CA-7FC5471B26A5}"
EndProject
Global
	GlobalSection(SolutionConfigurationPlatforms) = preSolution
		Debug|Any CPU = Debug|Any CPU
		Release|Any CPU = Release|Any CPU
	EndGlobalSection
	GlobalSection(ProjectConfigurationPlatforms) = postSolution
		{BF6A5292-6742-449E-B0CA-7FC5471B26A5}.Debug|Any CPU.ActiveCfg = Debug|Any CPU
		{BF6A5292-6742-449E-B0CA-7FC5471B26A5}.Debug|Any CPU.Build.0 = Debug|Any CPU
		{BF6A5292-6742-449E-B0CA-7FC5471B26A5}.Release|Any CPU.ActiveCfg = Release|Any CPU
		{BF6A5292-6742-449E-B0CA-7FC5471B26A5}.Release|Any CPU.Build.0 = Release|Any CPU
	EndGlobalSection
	GlobalSection(SolutionProperties) = preSolution
		HideSolutionNode = FALSE
	EndGlobalSection
	GlobalSection(ExtensibilityGlobals) = postSolution
		SolutionGuid = {6732E1AA-0B1F-421C-8436-B5EC57EF7F78}
	EndGlobalSection
EndGlobal
